dependencies:
- name: elasticsearch
  repository: oci://registry-1.docker.io/bitnamicharts
  version: 21.3.26
- name: minio
  repository: oci://registry-1.docker.io/bitnamicharts
  version: 14.8.5
- name: opensearch
  repository: https://opensearch-project.github.io/helm-charts/
  version: 2.27.1
- name: rabbitmq
  repository: oci://registry-1.docker.io/bitnamicharts
  version: 15.1.0
- name: redis
  repository: oci://registry-1.docker.io/bitnamicharts
  version: 20.3.0
digest: sha256:313b83f9775de8c35c43c620316885abe4b3c05bfb83b92cac82a2ae91c40f37
generated: "2024-12-01T13:29:44.444802615Z"
