dependencies:
- name: kube-state-metrics
  repository: https://kubernetes-charts.storage.googleapis.com/
  version: 2.8.14
- name: prometheus-node-exporter
  repository: https://prometheus-community.github.io/helm-charts
  version: 1.11.2
- name: grafana
  repository: https://kubernetes-charts.storage.googleapis.com/
  version: 5.3.6
digest: sha256:41a371d4e1748156048d5930ba8e3141d4bbe2118d938f50c7761b90d4b4594e
generated: "2020-08-21T16:53:58.66669-04:00"
