dependencies:
- name: alertmanager
  repository: https://prometheus-community.github.io/helm-charts
  version: 0.24.1
- name: kube-state-metrics
  repository: https://prometheus-community.github.io/helm-charts
  version: 4.30.0
- name: prometheus-node-exporter
  repository: https://prometheus-community.github.io/helm-charts
  version: 4.8.1
- name: prometheus-pushgateway
  repository: https://prometheus-community.github.io/helm-charts
  version: 2.0.4
digest: sha256:8560c47e58fd82202f9599643bb1b5dcb82f8a18f4638b52920e50c02acd7872
generated: "2023-02-15T11:07:32.137845+01:00"
