dependencies:
- name: alertmanager
  repository: https://prometheus-community.github.io/helm-charts
  version: 1.17.2
- name: kube-state-metrics
  repository: https://prometheus-community.github.io/helm-charts
  version: 5.33.1
- name: prometheus-node-exporter
  repository: https://prometheus-community.github.io/helm-charts
  version: 4.46.0
- name: prometheus-pushgateway
  repository: https://prometheus-community.github.io/helm-charts
  version: 3.2.0
digest: sha256:2c157b7907ad1296321e8c0a9db49e108756d44e9d6b488b1e8f889a992982b0
generated: "2025-05-08T15:36:48.153203151Z"
