dependencies:
- name: alertmanager
  repository: https://prometheus-community.github.io/helm-charts
  version: 1.41.0
- name: kube-state-metrics
  repository: https://prometheus-community.github.io/helm-charts
  version: 8.2.0
- name: prometheus-node-exporter
  repository: https://prometheus-community.github.io/helm-charts
  version: 4.56.1
- name: prometheus-pushgateway
  repository: https://prometheus-community.github.io/helm-charts
  version: 3.7.0
digest: sha256:8c7f99cdf553466aeb7c4c4251d39fbf0a9490e8fe3c0eeefcbae467f8d66069
generated: "2026-08-07T09:36:31.633415819Z"
