dependencies:
- name: kube-state-metrics
  repository: https://prometheus-community.github.io/helm-charts
  version: 4.1.0
- name: prometheus-node-exporter
  repository: https://prometheus-community.github.io/helm-charts
  version: 2.2.1
- name: grafana
  repository: https://grafana.github.io/helm-charts
  version: 6.17.10
digest: sha256:ba63378b3f1317acb6fd601d2e15f84a1d25340a57f9a11e8ab16d290cbbc4d3
generated: "2021-12-06T17:09:43.697285736+01:00"
