dependencies:
- name: kube-state-metrics
  repository: https://prometheus-community.github.io/helm-charts
  version: 4.0.2
- name: prometheus-node-exporter
  repository: https://prometheus-community.github.io/helm-charts
  version: 2.2.1
- name: grafana
  repository: https://grafana.github.io/helm-charts
  version: 6.17.8
digest: sha256:a5fa37025af48c731d425067abe3ec1d94e16a967f25e46a6124905872853df0
generated: "2021-11-29T09:38:35.444470992+01:00"
