dependencies:
- name: kube-state-metrics
  repository: https://prometheus-community.github.io/helm-charts
  version: 3.4.1
- name: prometheus-node-exporter
  repository: https://prometheus-community.github.io/helm-charts
  version: 2.0.0
- name: grafana
  repository: https://grafana.github.io/helm-charts
  version: 6.14.1
digest: sha256:da9105bbc2726eadd33f5a19fb950d82b858b1707cc1113667581f4432d6ad01
generated: "2021-07-20T12:08:43.079334499+02:00"
