dependencies:
- name: kube-state-metrics
  repository: https://prometheus-community.github.io/helm-charts
  version: 4.24.0
- name: prometheus-node-exporter
  repository: https://prometheus-community.github.io/helm-charts
  version: 4.8.1
- name: grafana
  repository: https://grafana.github.io/helm-charts
  version: 6.50.2
digest: sha256:880cda6bd96de279f4b21c6abc4c9168f0e41c5b00a69a6345215570816ad972
generated: "2023-01-24T10:52:14.804151338+01:00"
